
Microsoft Visual Studio Solution File, Format Version 12.00
# Visual Studio 15
Project("{FAE04EC0-301F-11D3-BF4B-00C04F79EFBC}") = "Assembly-CSharp-firstpass", "Assembly-CSharp-firstpass.csproj", "{A041D999-3D67-097A-E1BA-50F3EEBAD28A}"
EndProject
Project("{FAE04EC0-301F-11D3-BF4B-00C04F79EFBC}") = "Assembly-CSharp", "Assembly-CSharp.csproj", "{56F958E3-B0AA-49B0-646A-BFD6194A6CB9}"
EndProject
Project("{FAE04EC0-301F-11D3-BF4B-00C04F79EFBC}") = "Assembly-CSharp-Editor-firstpass", "Assembly-CSharp-Editor-firstpass.csproj", "{1A012CA1-CE08-2821-1200-60390E97A930}"
EndProject
Global
	GlobalSection(SolutionConfigurationPlatforms) = preSolution
		Debug|Any CPU = Debug|Any CPU
		Release|Any CPU = Release|Any CPU
	EndGlobalSection
	GlobalSection(ProjectConfigurationPlatforms) = postSolution
		{A041D999-3D67-097A-E1BA-50F3EEBAD28A}.Debug|Any CPU.ActiveCfg = Debug|Any CPU
		{A041D999-3D67-097A-E1BA-50F3EEBAD28A}.Debug|Any CPU.Build.0 = Debug|Any CPU
		{A041D999-3D67-097A-E1BA-50F3EEBAD28A}.Release|Any CPU.ActiveCfg = Release|Any CPU
		{A041D999-3D67-097A-E1BA-50F3EEBAD28A}.Release|Any CPU.Build.0 = Release|Any CPU
		{56F958E3-B0AA-49B0-646A-BFD6194A6CB9}.Debug|Any CPU.ActiveCfg = Debug|Any CPU
		{56F958E3-B0AA-49B0-646A-BFD6194A6CB9}.Debug|Any CPU.Build.0 = Debug|Any CPU
		{56F958E3-B0AA-49B0-646A-BFD6194A6CB9}.Release|Any CPU.ActiveCfg = Release|Any CPU
		{56F958E3-B0AA-49B0-646A-BFD6194A6CB9}.Release|Any CPU.Build.0 = Release|Any CPU
		{1A012CA1-CE08-2821-1200-60390E97A930}.Debug|Any CPU.ActiveCfg = Debug|Any CPU
		{1A012CA1-CE08-2821-1200-60390E97A930}.Debug|Any CPU.Build.0 = Debug|Any CPU
		{1A012CA1-CE08-2821-1200-60390E97A930}.Release|Any CPU.ActiveCfg = Release|Any CPU
		{1A012CA1-CE08-2821-1200-60390E97A930}.Release|Any CPU.Build.0 = Release|Any CPU
	EndGlobalSection
	GlobalSection(SolutionProperties) = preSolution
		HideSolutionNode = FALSE
	EndGlobalSection
EndGlobal
